<?xml version="1.0" encoding="utf-8"?>
<Project ToolsVersion="4.0" xmlns="http://schemas.microsoft.com/developer/msbuild/2003">
  <ItemGroup>
    <Filter Include="Arquivos de Origem">
      <UniqueIdentifier>{4FC737F1-C7A5-4376-A066-2A32D752A2FF}</UniqueIdentifier>
      <Extensions>cpp;c;cc;cxx;c++;cppm;ixx;def;odl;idl;hpj;bat;asm;asmx</Extensions>
    </Filter>
    <Filter Include="Arquivos de Cabeçalho">
      <UniqueIdentifier>{93995380-89BD-4b04-88EB-625FBE52EBFB}</UniqueIdentifier>
      <Extensions>h;hh;hpp;hxx;h++;hm;inl;inc;ipp;xsd</Extensions>
    </Filter>
    <Filter Include="Arquivos de Recurso">
      <UniqueIdentifier>{67DA6AB6-F800-4c08-8B7A-83BB121AAD01}</UniqueIdentifier>
      <Extensions>rc;ico;cur;bmp;dlg;rc2;rct;bin;rgs;gif;jpg;jpeg;jpe;resx;tiff;tif;png;wav;mfcribbon-ms</Extensions>
    </Filter>
  </ItemGroup>
  <ItemGroup>
    <ClCompile Include="Cadmus.c">
      <Filter>Arquivos de Origem</Filter>
    </ClCompile>
    <ClCompile Include="Telas\bossFight\bossFight.c">
      <Filter>Arquivos de Origem</Filter>
    </ClCompile>
    <ClCompile Include="Telas\gerenciadorDeFases\gerenciadorDeFases.c">
      <Filter>Arquivos de Origem</Filter>
    </ClCompile>
    <ClCompile Include="Telas\menu\menu.c">
      <Filter>Arquivos de Origem</Filter>
    </ClCompile>
    <ClCompile Include="Mecanicas\montadorDeObjeto\montadorDeObjeto.c">
      <Filter>Arquivos de Origem</Filter>
    </ClCompile>
    <ClCompile Include="Mecanicas\verificadorDeClick\verificadorDeClick.c">
      <Filter>Arquivos de Origem</Filter>
    </ClCompile>
    <ClCompile Include="Telas\mapa\mapa.c">
      <Filter>Arquivos de Origem</Filter>
    </ClCompile>
    <ClCompile Include="Telas\gameOver\gameOver.c">
      <Filter>Arquivos de Origem</Filter>
    </ClCompile>
    <ClCompile Include="Telas\designBossFight\designBossFight.c">
      <Filter>Arquivos de Origem</Filter>
    </ClCompile>
    <ClCompile Include="Mecanicas\gerenciadorDeArquivo\gerenciadorDeArquivo.c">
      <Filter>Arquivos de Origem</Filter>
    </ClCompile>
    <ClCompile Include="Mecanicas\gerenciadorDeColisao\gerenciadorDeColisao.c">
      <Filter>Arquivos de Origem</Filter>
    </ClCompile>
    <ClCompile Include="Mecanicas\gerenciadorDeProjetil\gerenciadorDeProjetil.c">
      <Filter>Arquivos de Origem</Filter>
    </ClCompile>
    <ClCompile Include="Mecanicas\gerenciadorDeTeclado\gerenciadorDeTeclado.c">
      <Filter>Arquivos de Origem</Filter>
    </ClCompile>
    <ClCompile Include="Mecanicas\getBoss\getBoss.c">
      <Filter>Arquivos de Origem</Filter>
    </ClCompile>
    <ClCompile Include="Mecanicas\getSpriteProjetil\getSpriteProjetil.c">
      <Filter>Arquivos de Origem</Filter>
    </ClCompile>
    <ClCompile Include="Mecanicas\movimentoDeProjetil\movimentoDeProjetil.c">
      <Filter>Arquivos de Origem</Filter>
    </ClCompile>
    <ClCompile Include="Mecanicas\movimentoEmCampo\movimentoEmCampo.c">
      <Filter>Arquivos de Origem</Filter>
    </ClCompile>
    <ClCompile Include="Mecanicas\turnoJogador\turnoJogador.c">
      <Filter>Arquivos de Origem</Filter>
    </ClCompile>
    <ClCompile Include="Mecanicas\verificadorDeBitmapVazio\verificadorDeBitmapVazio.c">
      <Filter>Arquivos de Origem</Filter>
    </ClCompile>
  </ItemGroup>
  <ItemGroup>
    <ClInclude Include="Structs\barco.h">
      <Filter>Arquivos de Cabeçalho</Filter>
    </ClInclude>
    <ClInclude Include="Structs\controle.h">
      <Filter>Arquivos de Cabeçalho</Filter>
    </ClInclude>
    <ClInclude Include="Structs\objeto.h">
      <Filter>Arquivos de Cabeçalho</Filter>
    </ClInclude>
    <ClInclude Include="Telas\bossFight\bossFight.h">
      <Filter>Arquivos de Cabeçalho</Filter>
    </ClInclude>
    <ClInclude Include="Telas\gerenciadorDeFases\gerenciadorDeFases.h">
      <Filter>Arquivos de Cabeçalho</Filter>
    </ClInclude>
    <ClInclude Include="Telas\menu\menu.h">
      <Filter>Arquivos de Cabeçalho</Filter>
    </ClInclude>
    <ClInclude Include="Mecanicas\montadorDeObjeto\montadorDeObjeto.h">
      <Filter>Arquivos de Cabeçalho</Filter>
    </ClInclude>
    <ClInclude Include="Mecanicas\verificadorDeClick\verificadorDeClick.h">
      <Filter>Arquivos de Cabeçalho</Filter>
    </ClInclude>
    <ClInclude Include="Telas\mapa\mapa.h">
      <Filter>Arquivos de Cabeçalho</Filter>
    </ClInclude>
    <ClInclude Include="Telas\gameOver\gameOver.h">
      <Filter>Arquivos de Cabeçalho</Filter>
    </ClInclude>
    <ClInclude Include="Telas\designBossFight\designBossFight.h">
      <Filter>Arquivos de Cabeçalho</Filter>
    </ClInclude>
    <ClInclude Include="Structs\boss.h">
      <Filter>Arquivos de Cabeçalho</Filter>
    </ClInclude>
    <ClInclude Include="Structs\projetil.h">
      <Filter>Arquivos de Cabeçalho</Filter>
    </ClInclude>
    <ClInclude Include="Structs\teclas.h">
      <Filter>Arquivos de Cabeçalho</Filter>
    </ClInclude>
    <ClInclude Include="Mecanicas\gerenciadorDeArquivo\gerenciadorDeArquivo.h">
      <Filter>Arquivos de Cabeçalho</Filter>
    </ClInclude>
    <ClInclude Include="Mecanicas\gerenciadorDeColisao\gerenciadorDeColisao.h">
      <Filter>Arquivos de Cabeçalho</Filter>
    </ClInclude>
    <ClInclude Include="Mecanicas\gerenciadorDeProjetil\gerenciadorDeProjetil.h">
      <Filter>Arquivos de Cabeçalho</Filter>
    </ClInclude>
    <ClInclude Include="Mecanicas\gerenciadorDeTeclado\gerenciadorDeTeclado.h">
      <Filter>Arquivos de Cabeçalho</Filter>
    </ClInclude>
    <ClInclude Include="Mecanicas\getBoss\getBoss.h">
      <Filter>Arquivos de Cabeçalho</Filter>
    </ClInclude>
    <ClInclude Include="Mecanicas\getSpriteProjetil\getSpriteProjetil.h">
      <Filter>Arquivos de Cabeçalho</Filter>
    </ClInclude>
    <ClInclude Include="Mecanicas\movimentoDeProjetil\movimentoDeProjetil.h">
      <Filter>Arquivos de Cabeçalho</Filter>
    </ClInclude>
    <ClInclude Include="Mecanicas\movimentoEmCampo\movimentoEmCampo.h">
      <Filter>Arquivos de Cabeçalho</Filter>
    </ClInclude>
    <ClInclude Include="Mecanicas\turnoJogador\turnoJogador.h">
      <Filter>Arquivos de Cabeçalho</Filter>
    </ClInclude>
    <ClInclude Include="Mecanicas\verificadorDeBitmapVazio\verificadorDeBitmapVazio.h">
      <Filter>Arquivos de Cabeçalho</Filter>
    </ClInclude>
  </ItemGroup>
  <ItemGroup>
    <None Include="makefile" />
    <None Include="README.md" />
    <None Include=".gitignore" />
    <None Include="packages.config" />
    <None Include="cadmus" />
    <None Include=".vscode\settings.json" />
  </ItemGroup>
  <ItemGroup>
    <Image Include="Auxiliar\sprites\barco.png">
      <Filter>Arquivos de Recurso</Filter>
    </Image>
    <Image Include="Auxiliar\sprites\bloco.png">
      <Filter>Arquivos de Recurso</Filter>
    </Image>
    <Image Include="Auxiliar\sprites\campo_batalha.png">
      <Filter>Arquivos de Recurso</Filter>
    </Image>
    <Image Include="Auxiliar\sprites\jogar.png">
      <Filter>Arquivos de Recurso</Filter>
    </Image>
    <Image Include="Auxiliar\sprites\creditos.png">
      <Filter>Arquivos de Recurso</Filter>
    </Image>
    <Image Include="Auxiliar\sprites\opcoes.png">
      <Filter>Arquivos de Recurso</Filter>
    </Image>
    <Image Include="Auxiliar\bosses\adamastor\adamastor.png">
      <Filter>Arquivos de Recurso</Filter>
    </Image>
    <Image Include="Auxiliar\bosses\dionisio\dionisio.png">
      <Filter>Arquivos de Recurso</Filter>
    </Image>
    <Image Include="Auxiliar\bosses\ines\inesDeCastro.png">
      <Filter>Arquivos de Recurso</Filter>
    </Image>
    <Image Include="Auxiliar\sprites\boss1.png">
      <Filter>Arquivos de Recurso</Filter>
    </Image>
    <Image Include="Auxiliar\sprites\devFase.png">
      <Filter>Arquivos de Recurso</Filter>
    </Image>
    <Image Include="Auxiliar\sprites\ponteiro_player.png">
      <Filter>Arquivos de Recurso</Filter>
    </Image>
    <Image Include="Auxiliar\sprites\turno_player.png">
      <Filter>Arquivos de Recurso</Filter>
    </Image>
    <Image Include="Auxiliar\sprites\designBossFight\buttonAtaque.png">
      <Filter>Arquivos de Recurso</Filter>
    </Image>
    <Image Include="Auxiliar\sprites\designBossFight\buttonDelete.png">
      <Filter>Arquivos de Recurso</Filter>
    </Image>
    <Image Include="Auxiliar\sprites\designBossFight\buttonDmg.png">
      <Filter>Arquivos de Recurso</Filter>
    </Image>
    <Image Include="Auxiliar\sprites\designBossFight\buttonMov.png">
      <Filter>Arquivos de Recurso</Filter>
    </Image>
    <Image Include="Auxiliar\sprites\designBossFight\buttonPlay.png">
      <Filter>Arquivos de Recurso</Filter>
    </Image>
    <Image Include="Auxiliar\sprites\designBossFight\buttonSelecionar.png">
      <Filter>Arquivos de Recurso</Filter>
    </Image>
    <Image Include="Auxiliar\sprites\designBossFight\buttonTurno.png">
      <Filter>Arquivos de Recurso</Filter>
    </Image>
    <Image Include="Auxiliar\sprites\designBossFight\buttonVelocidade.png">
      <Filter>Arquivos de Recurso</Filter>
    </Image>
    <Image Include="Auxiliar\sprites\designBossFight\buttonVoltar.png">
      <Filter>Arquivos de Recurso</Filter>
    </Image>
    <Image Include="Auxiliar\sprites\designBossFight\controlBar.png">
      <Filter>Arquivos de Recurso</Filter>
    </Image>
    <Image Include="Auxiliar\sprites\designBossFight\dialogTxT.png">
      <Filter>Arquivos de Recurso</Filter>
    </Image>
    <Image Include="Auxiliar\sprites\designBossFight\setaDown.png">
      <Filter>Arquivos de Recurso</Filter>
    </Image>
    <Image Include="Auxiliar\sprites\designBossFight\setaUp.png">
      <Filter>Arquivos de Recurso</Filter>
    </Image>
    <Image Include="Auxiliar\sprites\gameOver\fundoGameOver.png">
      <Filter>Arquivos de Recurso</Filter>
    </Image>
    <Image Include="Auxiliar\sprites\gameOver\sair.png">
      <Filter>Arquivos de Recurso</Filter>
    </Image>
    <Image Include="Auxiliar\sprites\gameOver\tentar.png">
      <Filter>Arquivos de Recurso</Filter>
    </Image>
    <Image Include="Auxiliar\sprites\Mapa\botaoCaboTor.png">
      <Filter>Arquivos de Recurso</Filter>
    </Image>
    <Image Include="Auxiliar\sprites\Mapa\botaoGoa.png">
      <Filter>Arquivos de Recurso</Filter>
    </Image>
    <Image Include="Auxiliar\sprites\Mapa\botaoPortugal.png">
      <Filter>Arquivos de Recurso</Filter>
    </Image>
    <Image Include="Auxiliar\sprites\Mapa\fundoMapa.png">
      <Filter>Arquivos de Recurso</Filter>
    </Image>
    <Image Include="Auxiliar\sprites\Mapa\voltar.png">
      <Filter>Arquivos de Recurso</Filter>
    </Image>
    <Image Include="Auxiliar\sprites\Menu\corrente.png">
      <Filter>Arquivos de Recurso</Filter>
    </Image>
    <Image Include="Auxiliar\sprites\Menu\devtool.png">
      <Filter>Arquivos de Recurso</Filter>
    </Image>
    <Image Include="Auxiliar\sprites\Menu\fundoMenu.png">
      <Filter>Arquivos de Recurso</Filter>
    </Image>
    <Image Include="Auxiliar\sprites\Menu\play.png">
      <Filter>Arquivos de Recurso</Filter>
    </Image>
    <Image Include="Auxiliar\sprites\Menu\quit.png">
      <Filter>Arquivos de Recurso</Filter>
    </Image>
    <Image Include="Auxiliar\sprites\Menu\titulo.png">
      <Filter>Arquivos de Recurso</Filter>
    </Image>
    <Image Include="Auxiliar\sprites\projeteis\bloco.png">
      <Filter>Arquivos de Recurso</Filter>
    </Image>
    <Image Include="Auxiliar\sprites\projeteis\blocoAzul.png">
      <Filter>Arquivos de Recurso</Filter>
    </Image>
    <Image Include="Auxiliar\sprites\projeteis\blocoLaranja.png">
      <Filter>Arquivos de Recurso</Filter>
    </Image>
    <Image Include="Auxiliar\sprites\projeteis\blocoVerde.png">
      <Filter>Arquivos de Recurso</Filter>
    </Image>
    <Image Include="Auxiliar\sprites\projeteis\blocoVermelho.png">
      <Filter>Arquivos de Recurso</Filter>
    </Image>
  </ItemGroup>
  <ItemGroup>
    <Font Include="Auxiliar\AncientModern.ttf" />
    <Font Include="Auxiliar\FiraCode-Regular.ttf" />
    <Font Include="Auxiliar\Roboto-Black.ttf" />
  </ItemGroup>
  <ItemGroup>
    <Text Include="teste.txt" />
    <Text Include="Auxiliar\bosses\adamastor\adamastor.txt" />
    <Text Include="Auxiliar\bosses\dionisio\dionisio.txt" />
    <Text Include="Auxiliar\bosses\ines\ines.txt" />
    <Text Include="Auxiliar\ataques\estresse.txt" />
    <Text Include="Auxiliar\ataques\teste.txt" />
    <Text Include="Auxiliar\ataques\teste5.txt" />
  </ItemGroup>
</Project>