<?xml version="1.0" encoding="utf-8"?>
<Project ToolsVersion="4.0" xmlns="http://schemas.microsoft.com/developer/msbuild/2003">
  <ItemGroup>
    <Filter Include="Arquivos de Origem">
      <UniqueIdentifier>{4FC737F1-C7A5-4376-A066-2A32D752A2FF}</UniqueIdentifier>
      <Extensions>cpp;c;cc;cxx;c++;cppm;ixx;def;odl;idl;hpj;bat;asm;asmx</Extensions>
    </Filter>
    <Filter Include="Arquivos de Cabeçalho">
      <UniqueIdentifier>{93995380-89BD-4b04-88EB-625FBE52EBFB}</UniqueIdentifier>
      <Extensions>h;hh;hpp;hxx;h++;hm;inl;inc;ipp;xsd</Extensions>
    </Filter>
    <Filter Include="Arquivos de Recurso">
      <UniqueIdentifier>{67DA6AB6-F800-4c08-8B7A-83BB121AAD01}</UniqueIdentifier>
      <Extensions>rc;ico;cur;bmp;dlg;rc2;rct;bin;rgs;gif;jpg;jpeg;jpe;resx;tiff;tif;png;wav;mfcribbon-ms</Extensions>
    </Filter>
  </ItemGroup>
  <ItemGroup>
    <ClCompile Include="Cadmus.c">
      <Filter>Arquivos de Origem</Filter>
    </ClCompile>
    <ClCompile Include="Telas\bossFight\bossFight.c">
      <Filter>Arquivos de Origem</Filter>
    </ClCompile>
    <ClCompile Include="Telas\gerenciadorDeFases\gerenciadorDeFases.c">
      <Filter>Arquivos de Origem</Filter>
    </ClCompile>
    <ClCompile Include="Telas\menu\menu.c">
      <Filter>Arquivos de Origem</Filter>
    </ClCompile>
    <ClCompile Include="Mecanicas\montadorDeObjeto\montadorDeObjeto.c">
      <Filter>Arquivos de Origem</Filter>
    </ClCompile>
    <ClCompile Include="Mecanicas\verificadorDeClick\verificadorDeClick.c">
      <Filter>Arquivos de Origem</Filter>
    </ClCompile>
    <ClCompile Include="Mecanicas\gerenciadorDeColisao\gerenciadorDeColisao.c">
      <Filter>Arquivos de Origem</Filter>
    </ClCompile>
    <ClCompile Include="Telas\mapa\mapa.c">
      <Filter>Arquivos de Origem</Filter>
    </ClCompile>
    <ClCompile Include="Mecanicas\verificadorDeBitmapVazio\verificadorDeBitmapVazio.c">
      <Filter>Arquivos de Origem</Filter>
    </ClCompile>
    <ClCompile Include="Mecanicas\movimentoEmCampo\movimentoEmCampo.c">
      <Filter>Arquivos de Origem</Filter>
    </ClCompile>
    <ClCompile Include="Mecanicas\gerenciadorDeTeclado\gerenciadorDeTeclado.c">
      <Filter>Arquivos de Origem</Filter>
    </ClCompile>
    <ClCompile Include="Mecanicas\gerenciadorDeProjetil\gerenciadorDeProjetil.c">
      <Filter>Arquivos de Origem</Filter>
    </ClCompile>
  </ItemGroup>
  <ItemGroup>
    <ClInclude Include="Structs\barco.h">
      <Filter>Arquivos de Cabeçalho</Filter>
    </ClInclude>
    <ClInclude Include="Structs\controle.h">
      <Filter>Arquivos de Cabeçalho</Filter>
    </ClInclude>
    <ClInclude Include="Structs\objeto.h">
      <Filter>Arquivos de Cabeçalho</Filter>
    </ClInclude>
    <ClInclude Include="Telas\bossFight\bossFight.h">
      <Filter>Arquivos de Cabeçalho</Filter>
    </ClInclude>
    <ClInclude Include="Telas\gerenciadorDeFases\gerenciadorDeFases.h">
      <Filter>Arquivos de Cabeçalho</Filter>
    </ClInclude>
    <ClInclude Include="Telas\menu\menu.h">
      <Filter>Arquivos de Cabeçalho</Filter>
    </ClInclude>
    <ClInclude Include="Mecanicas\montadorDeObjeto\montadorDeObjeto.h">
      <Filter>Arquivos de Cabeçalho</Filter>
    </ClInclude>
    <ClInclude Include="Mecanicas\verificadorDeClick\verificadorDeClick.h">
      <Filter>Arquivos de Cabeçalho</Filter>
    </ClInclude>
    <ClInclude Include="Mecanicas\gerenciadorDeColisao\gerenciadorDeColisao.h">
      <Filter>Arquivos de Cabeçalho</Filter>
    </ClInclude>
    <ClInclude Include="Telas\mapa\mapa.h">
      <Filter>Arquivos de Cabeçalho</Filter>
    </ClInclude>
    <ClInclude Include="Structs\projetil.h">
      <Filter>Arquivos de Cabeçalho</Filter>
    </ClInclude>
    <ClInclude Include="Structs\teclas.h">
      <Filter>Arquivos de Cabeçalho</Filter>
    </ClInclude>
    <ClInclude Include="Mecanicas\verificadorDeBitmapVazio\verificadorDeBitmapVazio.h">
      <Filter>Arquivos de Cabeçalho</Filter>
    </ClInclude>
    <ClInclude Include="Mecanicas\movimentoEmCampo\movimentoEmCampo.h">
      <Filter>Arquivos de Cabeçalho</Filter>
    </ClInclude>
    <ClInclude Include="Mecanicas\gerenciadorDeTeclado\gerenciadorDeTeclado.h">
      <Filter>Arquivos de Cabeçalho</Filter>
    </ClInclude>
    <ClInclude Include="Mecanicas\gerenciadorDeProjetil\gerenciadorDeProjetil.h">
      <Filter>Arquivos de Cabeçalho</Filter>
    </ClInclude>
  </ItemGroup>
  <ItemGroup>
    <None Include="makefile" />
    <None Include="README.md" />
    <None Include=".gitignore" />
    <None Include="packages.config" />
    <None Include="cadmus" />
  </ItemGroup>
  <ItemGroup>
    <Image Include="Auxiliar\sprites\barco.png">
      <Filter>Arquivos de Recurso</Filter>
    </Image>
    <Image Include="Auxiliar\sprites\bloco.png">
      <Filter>Arquivos de Recurso</Filter>
    </Image>
    <Image Include="Auxiliar\sprites\campo_batalha.png">
      <Filter>Arquivos de Recurso</Filter>
    </Image>
    <Image Include="Auxiliar\sprites\jogar.png">
      <Filter>Arquivos de Recurso</Filter>
    </Image>
    <Image Include="Auxiliar\sprites\creditos.png">
      <Filter>Arquivos de Recurso</Filter>
    </Image>
    <Image Include="Auxiliar\sprites\opcoes.png">
      <Filter>Arquivos de Recurso</Filter>
    </Image>
    <Image Include="Auxiliar\sprites\blocoAzul.png">
      <Filter>Arquivos de Recurso</Filter>
    </Image>
    <Image Include="Auxiliar\sprites\blocoLaranja.png">
      <Filter>Arquivos de Recurso</Filter>
    </Image>
    <Image Include="Auxiliar\sprites\blocoVerde.png">
      <Filter>Arquivos de Recurso</Filter>
    </Image>
    <Image Include="Auxiliar\sprites\blocoVermelho.png">
      <Filter>Arquivos de Recurso</Filter>
    </Image>
    <Image Include="Auxiliar\sprites\boss1.png">
      <Filter>Arquivos de Recurso</Filter>
    </Image>
    <Image Include="Auxiliar\sprites\fundoMapa.png">
      <Filter>Arquivos de Recurso</Filter>
    </Image>
    <Image Include="Auxiliar\sprites\fundoMenu.png">
      <Filter>Arquivos de Recurso</Filter>
    </Image>
  </ItemGroup>
  <ItemGroup>
    <Font Include="Auxiliar\AncientModern.ttf" />
  </ItemGroup>
</Project>